{
  "originHash" : "c8433230543f420efe2d506b50029279e8fd95d8ef7522f4ab8135a799138c9d",
  "pins" : [
    {
      "identity" : "btc-swift",
      "kind" : "remoteSourceControl",
      "location" : "https://github.com/winnowwallet/btc-swift",
      "state" : {
        "revision" : "d069680045886cd4c527a3e2e3f717a5f5387efe",
        "version" : "0.1.0"
      }
    },
    {
      "identity" : "swift-secp256k1",
      "kind" : "remoteSourceControl",
      "location" : "https://github.com/21-DOT-DEV/swift-secp256k1",
      "state" : {
        "revision" : "e70a10e036a55fffea31568f0af92d69b6d449cd",
        "version" : "0.23.2"
      }
    }
  ],
  "version" : 3
}
